
Microsoft Visual Studio Solution File, Format Version 12.00
# Visual Studio Version 16
VisualStudioVersion = 16.0.29411.108
MinimumVisualStudioVersion = 10.0.40219.1
Project("{FAE04EC0-301F-11D3-BF4B-00C04F79EFBC}") = "DemoWebApplication", "DemoWebApplication\DemoWebApplication.csproj", "{76B97868-724E-4AD1-A858-AD0D483B113D}"
EndProject
Global
	GlobalSection(SolutionConfigurationPlatforms) = preSolution
		Debug|Any CPU = Debug|Any CPU
		Release|Any CPU = Release|Any CPU
	EndGlobalSection
	GlobalSection(ProjectConfigurationPlatforms) = postSolution
		{76B97868-724E-4AD1-A858-AD0D483B113D}.Debug|Any CPU.ActiveCfg = Debug|Any CPU
		{76B97868-724E-4AD1-A858-AD0D483B113D}.Debug|Any CPU.Build.0 = Debug|Any CPU
		{76B97868-724E-4AD1-A858-AD0D483B113D}.Release|Any CPU.ActiveCfg = Release|Any CPU
		{76B97868-724E-4AD1-A858-AD0D483B113D}.Release|Any CPU.Build.0 = Release|Any CPU
	EndGlobalSection
	GlobalSection(SolutionProperties) = preSolution
		HideSolutionNode = FALSE
	EndGlobalSection
	GlobalSection(ExtensibilityGlobals) = postSolution
		SolutionGuid = {10D7DC6B-88F5-4CCC-81BF-038DAF74886C}
	EndGlobalSection
EndGlobal
